
Microsoft Visual Studio Solution File, Format Version 12.00
# Visual Studio Version 17
VisualStudioVersion = 17.11.35312.102
MinimumVisualStudioVersion = 10.0.40219.1
Project("{F184B08F-C81C-45F6-A57F-5ABD9991F28F}") = "Tugas beres dong", "Tugas beres dong\Tugas beres dong.vbproj", "{B769BBE3-648C-41E0-B3CA-BB1D7364C7EA}"
EndProject
Global
	GlobalSection(SolutionConfigurationPlatforms) = preSolution
		Debug|Any CPU = Debug|Any CPU
		Release|Any CPU = Release|Any CPU
	EndGlobalSection
	GlobalSection(ProjectConfigurationPlatforms) = postSolution
		{B769BBE3-648C-41E0-B3CA-BB1D7364C7EA}.Debug|Any CPU.ActiveCfg = Debug|Any CPU
		{B769BBE3-648C-41E0-B3CA-BB1D7364C7EA}.Debug|Any CPU.Build.0 = Debug|Any CPU
		{B769BBE3-648C-41E0-B3CA-BB1D7364C7EA}.Release|Any CPU.ActiveCfg = Release|Any CPU
		{B769BBE3-648C-41E0-B3CA-BB1D7364C7EA}.Release|Any CPU.Build.0 = Release|Any CPU
	EndGlobalSection
	GlobalSection(SolutionProperties) = preSolution
		HideSolutionNode = FALSE
	EndGlobalSection
	GlobalSection(ExtensibilityGlobals) = postSolution
		SolutionGuid = {4F3689BF-B228-481E-B95A-B2D8E18411C7}
	EndGlobalSection
EndGlobal
